
Microsoft Visual Studio Solution File, Format Version 12.00
# Visual Studio 15
VisualStudioVersion = 15.0.27130.2010
MinimumVisualStudioVersion = 10.0.40219.1
Project("{FAE04EC0-301F-11D3-BF4B-00C04F79EFBC}") = "PicrossPreview", "PicrossPreview\PicrossPreview.csproj", "{D49522D4-0A1E-407F-B7AA-3C260E455017}"
EndProject
Project("{FAE04EC0-301F-11D3-BF4B-00C04F79EFBC}") = "PicrossSolver", "PicrossSolver\PicrossSolver.csproj", "{2FAB7748-233D-4E12-9383-56E7B1E6FAF2}"
EndProject
Global
	GlobalSection(SolutionConfigurationPlatforms) = preSolution
		Debug|Any CPU = Debug|Any CPU
		Release|Any CPU = Release|Any CPU
	EndGlobalSection
	GlobalSection(ProjectConfigurationPlatforms) = postSolution
		{D49522D4-0A1E-407F-B7AA-3C260E455017}.Debug|Any CPU.ActiveCfg = Debug|Any CPU
		{D49522D4-0A1E-407F-B7AA-3C260E455017}.Debug|Any CPU.Build.0 = Debug|Any CPU
		{D49522D4-0A1E-407F-B7AA-3C260E455017}.Release|Any CPU.ActiveCfg = Release|Any CPU
		{D49522D4-0A1E-407F-B7AA-3C260E455017}.Release|Any CPU.Build.0 = Release|Any CPU
		{2FAB7748-233D-4E12-9383-56E7B1E6FAF2}.Debug|Any CPU.ActiveCfg = Debug|Any CPU
		{2FAB7748-233D-4E12-9383-56E7B1E6FAF2}.Debug|Any CPU.Build.0 = Debug|Any CPU
		{2FAB7748-233D-4E12-9383-56E7B1E6FAF2}.Release|Any CPU.ActiveCfg = Release|Any CPU
		{2FAB7748-233D-4E12-9383-56E7B1E6FAF2}.Release|Any CPU.Build.0 = Release|Any CPU
	EndGlobalSection
	GlobalSection(SolutionProperties) = preSolution
		HideSolutionNode = FALSE
	EndGlobalSection
	GlobalSection(ExtensibilityGlobals) = postSolution
		SolutionGuid = {11F47ECD-2616-4D50-B1D7-5EE92D5DCD03}
	EndGlobalSection
EndGlobal
